{
  "name": "database-orm",
  "version": "1.0.0",
  "lockfileVersion": 1,
  "requires": true,
  "dependencies": {
    "@prisma/client": {
      "version": "3.8.0",
      "resolved": "https://registry.npmjs.org/@prisma/client/-/client-3.8.0.tgz",
      "integrity": "sha512-odYAbzfGvVWpDxhk2Yb03DlcCg6zKgJjt5admcp4xtr7u0f76B2NppC4TSGxvdQUGzPI6G37afu2oZCb/uwGfg==",
      "requires": {
        "@prisma/engines-version": "3.8.0-43.34df67547cf5598f5a6cd3eb45f14ee70c3fb86f"
      }
    },
    "@prisma/engines": {
      "version": "4.9.0",
      "resolved": "https://registry.npmjs.org/@prisma/engines/-/engines-4.9.0.tgz",
      "integrity": "sha512-t1pt0Gsp+HcgPJrHFc+d/ZSAaKKWar2G/iakrE07yeKPNavDP3iVKPpfXP22OTCHZUWf7OelwKJxQgKAm5hkgw=="
    },
    "@prisma/engines-version": {
      "version": "3.8.0-43.34df67547cf5598f5a6cd3eb45f14ee70c3fb86f",
      "resolved": "https://registry.npmjs.org/@prisma/engines-version/-/engines-version-3.8.0-43.34df67547cf5598f5a6cd3eb45f14ee70c3fb86f.tgz",
      "integrity": "sha512-G2JH6yWt6ixGKmsRmVgaQYahfwMopim0u/XLIZUo2o/mZ5jdu7+BL+2V5lZr7XiG1axhyrpvlyqE/c0OgYSl3g=="
    },
    "prisma": {
      "version": "4.9.0",
      "resolved": "https://registry.npmjs.org/prisma/-/prisma-4.9.0.tgz",
      "integrity": "sha512-bS96oZ5oDFXYgoF2l7PJ3Mp1wWWfLOo8B/jAfbA2Pn0Wm5Z/owBHzaMQKS3i1CzVBDWWPVnOohmbJmjvkcHS5w==",
      "requires": {
        "@prisma/engines": "4.9.0"
      }
    }
  }
}
